// !$*UTF8*$!
{
	archiveVersion = 1;
	classes = {
	};
	objectVersion = 56;
	objects = {

/* Begin PBXBuildFile section */
		EF45C9B929EDACEF00C7C6D2 /* DialogView.swift in Sources */ = {isa = PBXBuildFile; fileRef = EF45C9B829EDACEF00C7C6D2 /* DialogView.swift */; };
		EF45C9BB29EDBC6E00C7C6D2 /* WindowManager.swift in Sources */ = {isa = PBXBuildFile; fileRef = EF45C9BA29EDBC6E00C7C6D2 /* WindowManager.swift */; };
		EFA3C14D29ECBFC2005D18CC /* RectRoundingBox.swift in Sources */ = {isa = PBXBuildFile; fileRef = EFA3C14C29ECBFC2005D18CC /* RectRoundingBox.swift */; };
		EFBEBEC129ED378D0016AB24 /* ScreenManager.swift in Sources */ = {isa = PBXBuildFile; fileRef = EFBEBEC029ED378D0016AB24 /* ScreenManager.swift */; };
		EFBEBEC329ED48EE0016AB24 /* ImageManager.swift in Sources */ = {isa = PBXBuildFile; fileRef = EFBEBEC229ED48EE0016AB24 /* ImageManager.swift */; };
		EFCE7EA829ECA22E00D2BB59 /* AppDelegate.swift in Sources */ = {isa = PBXBuildFile; fileRef = EFCE7EA729ECA22E00D2BB59 /* AppDelegate.swift */; };
		EFCE7EAA29ECA22E00D2BB59 /* ViewController.swift in Sources */ = {isa = PBXBuildFile; fileRef = EFCE7EA929ECA22E00D2BB59 /* ViewController.swift */; };
		EFCE7EAD29ECA22E00D2BB59 /* Falk.xcdatamodeld in Sources */ = {isa = PBXBuildFile; fileRef = EFCE7EAB29ECA22E00D2BB59 /* Falk.xcdatamodeld */; };
		EFCE7EAF29ECA22F00D2BB59 /* Assets.xcassets in Resources */ = {isa = PBXBuildFile; fileRef = EFCE7EAE29ECA22F00D2BB59 /* Assets.xcassets */; };
		EFCE7EB229ECA22F00D2BB59 /* Main.storyboard in Resources */ = {isa = PBXBuildFile; fileRef = EFCE7EB029ECA22F00D2BB59 /* Main.storyboard */; };
		EFCE7EBD29ECA22F00D2BB59 /* FalkTests.swift in Sources */ = {isa = PBXBuildFile; fileRef = EFCE7EBC29ECA22F00D2BB59 /* FalkTests.swift */; };
		EFCE7EC729ECA22F00D2BB59 /* FalkUITests.swift in Sources */ = {isa = PBXBuildFile; fileRef = EFCE7EC629ECA22F00D2BB59 /* FalkUITests.swift */; };
		EFCE7EC929ECA22F00D2BB59 /* FalkUITestsLaunchTests.swift in Sources */ = {isa = PBXBuildFile; fileRef = EFCE7EC829ECA22F00D2BB59 /* FalkUITestsLaunchTests.swift */; };
/* End PBXBuildFile section */

/* Begin PBXContainerItemProxy section */
		EFCE7EB929ECA22F00D2BB59 /* PBXContainerItemProxy */ = {
			isa = PBXContainerItemProxy;
			containerPortal = EFCE7E9C29ECA22E00D2BB59 /* Project object */;
			proxyType = 1;
			remoteGlobalIDString = EFCE7EA329ECA22E00D2BB59;
			remoteInfo = Falk;
		};
		EFCE7EC329ECA22F00D2BB59 /* PBXContainerItemProxy */ = {
			isa = PBXContainerItemProxy;
			containerPortal = EFCE7E9C29ECA22E00D2BB59 /* Project object */;
			proxyType = 1;
			remoteGlobalIDString = EFCE7EA329ECA22E00D2BB59;
			remoteInfo = Falk;
		};
/* End PBXContainerItemProxy section */

/* Begin PBXFileReference section */
		EF45C9B829EDACEF00C7C6D2 /* DialogView.swift */ = {isa = PBXFileReference; lastKnownFileType = sourcecode.swift; path = DialogView.swift; sourceTree = "<group>"; };
		EF45C9BA29EDBC6E00C7C6D2 /* WindowManager.swift */ = {isa = PBXFileReference; lastKnownFileType = sourcecode.swift; path = WindowManager.swift; sourceTree = "<group>"; };
		EFA3C14C29ECBFC2005D18CC /* RectRoundingBox.swift */ = {isa = PBXFileReference; lastKnownFileType = sourcecode.swift; path = RectRoundingBox.swift; sourceTree = "<group>"; };
		EFBEBEC029ED378D0016AB24 /* ScreenManager.swift */ = {isa = PBXFileReference; lastKnownFileType = sourcecode.swift; path = ScreenManager.swift; sourceTree = "<group>"; };
		EFBEBEC229ED48EE0016AB24 /* ImageManager.swift */ = {isa = PBXFileReference; lastKnownFileType = sourcecode.swift; path = ImageManager.swift; sourceTree = "<group>"; };
		EFCE7EA429ECA22E00D2BB59 /* Falk.app */ = {isa = PBXFileReference; explicitFileType = wrapper.application; includeInIndex = 0; path = Falk.app; sourceTree = BUILT_PRODUCTS_DIR; };
		EFCE7EA729ECA22E00D2BB59 /* AppDelegate.swift */ = {isa = PBXFileReference; lastKnownFileType = sourcecode.swift; path = AppDelegate.swift; sourceTree = "<group>"; };
		EFCE7EA929ECA22E00D2BB59 /* ViewController.swift */ = {isa = PBXFileReference; lastKnownFileType = sourcecode.swift; path = ViewController.swift; sourceTree = "<group>"; };
		EFCE7EAC29ECA22E00D2BB59 /* Falk.xcdatamodel */ = {isa = PBXFileReference; lastKnownFileType = wrapper.xcdatamodel; path = Falk.xcdatamodel; sourceTree = "<group>"; };
		EFCE7EAE29ECA22F00D2BB59 /* Assets.xcassets */ = {isa = PBXFileReference; lastKnownFileType = folder.assetcatalog; path = Assets.xcassets; sourceTree = "<group>"; };
		EFCE7EB129ECA22F00D2BB59 /* Base */ = {isa = PBXFileReference; lastKnownFileType = file.storyboard; name = Base; path = Base.lproj/Main.storyboard; sourceTree = "<group>"; };
		EFCE7EB329ECA22F00D2BB59 /* Falk.entitlements */ = {isa = PBXFileReference; lastKnownFileType = text.plist.entitlements; path = Falk.entitlements; sourceTree = "<group>"; };
		EFCE7EB829ECA22F00D2BB59 /* FalkTests.xctest */ = {isa = PBXFileReference; explicitFileType = wrapper.cfbundle; includeInIndex = 0; path = FalkTests.xctest; sourceTree = BUILT_PRODUCTS_DIR; };
		EFCE7EBC29ECA22F00D2BB59 /* FalkTests.swift */ = {isa = PBXFileReference; lastKnownFileType = sourcecode.swift; path = FalkTests.swift; sourceTree = "<group>"; };
		EFCE7EC229ECA22F00D2BB59 /* FalkUITests.xctest */ = {isa = PBXFileReference; explicitFileType = wrapper.cfbundle; includeInIndex = 0; path = FalkUITests.xctest; sourceTree = BUILT_PRODUCTS_DIR; };
		EFCE7EC629ECA22F00D2BB59 /* FalkUITests.swift */ = {isa = PBXFileReference; lastKnownFileType = sourcecode.swift; path = FalkUITests.swift; sourceTree = "<group>"; };
		EFCE7EC829ECA22F00D2BB59 /* FalkUITestsLaunchTests.swift */ = {isa = PBXFileReference; lastKnownFileType = sourcecode.swift; path = FalkUITestsLaunchTests.swift; sourceTree = "<group>"; };
/* End PBXFileReference section */

/* Begin PBXFrameworksBuildPhase section */
		EFCE7EA129ECA22E00D2BB59 /* Frameworks */ = {
			isa = PBXFrameworksBuildPhase;
			buildActionMask = 2147483647;
			files = (
			);
			runOnlyForDeploymentPostprocessing = 0;
		};
		EFCE7EB529ECA22F00D2BB59 /* Frameworks */ = {
			isa = PBXFrameworksBuildPhase;
			buildActionMask = 2147483647;
			files = (
			);
			runOnlyForDeploymentPostprocessing = 0;
		};
		EFCE7EBF29ECA22F00D2BB59 /* Frameworks */ = {
			isa = PBXFrameworksBuildPhase;
			buildActionMask = 2147483647;
			files = (
			);
			runOnlyForDeploymentPostprocessing = 0;
		};
/* End PBXFrameworksBuildPhase section */

/* Begin PBXGroup section */
		EFA3C14B29ECBFB3005D18CC /* CustomViews */ = {
			isa = PBXGroup;
			children = (
				EFA3C14C29ECBFC2005D18CC /* RectRoundingBox.swift */,
			);
			path = CustomViews;
			sourceTree = "<group>";
		};
		EFCE7E9B29ECA22E00D2BB59 = {
			isa = PBXGroup;
			children = (
				EFCE7EA629ECA22E00D2BB59 /* Falk */,
				EFCE7EBB29ECA22F00D2BB59 /* FalkTests */,
				EFCE7EC529ECA22F00D2BB59 /* FalkUITests */,
				EFCE7EA529ECA22E00D2BB59 /* Products */,
			);
			sourceTree = "<group>";
		};
		EFCE7EA529ECA22E00D2BB59 /* Products */ = {
			isa = PBXGroup;
			children = (
				EFCE7EA429ECA22E00D2BB59 /* Falk.app */,
				EFCE7EB829ECA22F00D2BB59 /* FalkTests.xctest */,
				EFCE7EC229ECA22F00D2BB59 /* FalkUITests.xctest */,
			);
			name = Products;
			sourceTree = "<group>";
		};
		EFCE7EA629ECA22E00D2BB59 /* Falk */ = {
			isa = PBXGroup;
			children = (
				EFA3C14B29ECBFB3005D18CC /* CustomViews */,
				EFCE7ED929ECA8CD00D2BB59 /* Utils */,
				EFCE7ED629ECA26F00D2BB59 /* Core */,
				EFCE7ED529ECA26400D2BB59 /* SwiftUI */,
				EFCE7EA929ECA22E00D2BB59 /* ViewController.swift */,
				EFCE7EAE29ECA22F00D2BB59 /* Assets.xcassets */,
				EFCE7EB029ECA22F00D2BB59 /* Main.storyboard */,
				EFCE7EB329ECA22F00D2BB59 /* Falk.entitlements */,
				EFCE7EAB29ECA22E00D2BB59 /* Falk.xcdatamodeld */,
			);
			path = Falk;
			sourceTree = "<group>";
		};
		EFCE7EBB29ECA22F00D2BB59 /* FalkTests */ = {
			isa = PBXGroup;
			children = (
				EFCE7EBC29ECA22F00D2BB59 /* FalkTests.swift */,
			);
			path = FalkTests;
			sourceTree = "<group>";
		};
		EFCE7EC529ECA22F00D2BB59 /* FalkUITests */ = {
			isa = PBXGroup;
			children = (
				EFCE7EC629ECA22F00D2BB59 /* FalkUITests.swift */,
				EFCE7EC829ECA22F00D2BB59 /* FalkUITestsLaunchTests.swift */,
			);
			path = FalkUITests;
			sourceTree = "<group>";
		};
		EFCE7ED529ECA26400D2BB59 /* SwiftUI */ = {
			isa = PBXGroup;
			children = (
				EF45C9B829EDACEF00C7C6D2 /* DialogView.swift */,
			);
			path = SwiftUI;
			sourceTree = "<group>";
		};
		EFCE7ED629ECA26F00D2BB59 /* Core */ = {
			isa = PBXGroup;
			children = (
				EFCE7EA729ECA22E00D2BB59 /* AppDelegate.swift */,
				EFBEBEC029ED378D0016AB24 /* ScreenManager.swift */,
				EFBEBEC229ED48EE0016AB24 /* ImageManager.swift */,
				EF45C9BA29EDBC6E00C7C6D2 /* WindowManager.swift */,
			);
			path = Core;
			sourceTree = "<group>";
		};
		EFCE7ED929ECA8CD00D2BB59 /* Utils */ = {
			isa = PBXGroup;
			children = (
			);
			path = Utils;
			sourceTree = "<group>";
		};
/* End PBXGroup section */

/* Begin PBXNativeTarget section */
		EFCE7EA329ECA22E00D2BB59 /* Falk */ = {
			isa = PBXNativeTarget;
			buildConfigurationList = EFCE7ECC29ECA22F00D2BB59 /* Build configuration list for PBXNativeTarget "Falk" */;
			buildPhases = (
				EFCE7EA029ECA22E00D2BB59 /* Sources */,
				EFCE7EA129ECA22E00D2BB59 /* Frameworks */,
				EFCE7EA229ECA22E00D2BB59 /* Resources */,
			);
			buildRules = (
			);
			dependencies = (
			);
			name = Falk;
			productName = Falk;
			productReference = EFCE7EA429ECA22E00D2BB59 /* Falk.app */;
			productType = "com.apple.product-type.application";
		};
		EFCE7EB729ECA22F00D2BB59 /* FalkTests */ = {
			isa = PBXNativeTarget;
			buildConfigurationList = EFCE7ECF29ECA22F00D2BB59 /* Build configuration list for PBXNativeTarget "FalkTests" */;
			buildPhases = (
				EFCE7EB429ECA22F00D2BB59 /* Sources */,
				EFCE7EB529ECA22F00D2BB59 /* Frameworks */,
				EFCE7EB629ECA22F00D2BB59 /* Resources */,
			);
			buildRules = (
			);
			dependencies = (
				EFCE7EBA29ECA22F00D2BB59 /* PBXTargetDependency */,
			);
			name = FalkTests;
			productName = FalkTests;
			productReference = EFCE7EB829ECA22F00D2BB59 /* FalkTests.xctest */;
			productType = "com.apple.product-type.bundle.unit-test";
		};
		EFCE7EC129ECA22F00D2BB59 /* FalkUITests */ = {
			isa = PBXNativeTarget;
			buildConfigurationList = EFCE7ED229ECA22F00D2BB59 /* Build configuration list for PBXNativeTarget "FalkUITests" */;
			buildPhases = (
				EFCE7EBE29ECA22F00D2BB59 /* Sources */,
				EFCE7EBF29ECA22F00D2BB59 /* Frameworks */,
				EFCE7EC029ECA22F00D2BB59 /* Resources */,
			);
			buildRules = (
			);
			dependencies = (
				EFCE7EC429ECA22F00D2BB59 /* PBXTargetDependency */,
			);
			name = FalkUITests;
			productName = FalkUITests;
			productReference = EFCE7EC229ECA22F00D2BB59 /* FalkUITests.xctest */;
			productType = "com.apple.product-type.bundle.ui-testing";
		};
/* End PBXNativeTarget section */

/* Begin PBXProject section */
		EFCE7E9C29ECA22E00D2BB59 /* Project object */ = {
			isa = PBXProject;
			attributes = {
				BuildIndependentTargetsInParallel = 1;
				LastSwiftUpdateCheck = 1420;
				LastUpgradeCheck = 1420;
				TargetAttributes = {
					EFCE7EA329ECA22E00D2BB59 = {
						CreatedOnToolsVersion = 14.2;
					};
					EFCE7EB729ECA22F00D2BB59 = {
						CreatedOnToolsVersion = 14.2;
						TestTargetID = EFCE7EA329ECA22E00D2BB59;
					};
					EFCE7EC129ECA22F00D2BB59 = {
						CreatedOnToolsVersion = 14.2;
						TestTargetID = EFCE7EA329ECA22E00D2BB59;
					};
				};
			};
			buildConfigurationList = EFCE7E9F29ECA22E00D2BB59 /* Build configuration list for PBXProject "Falk" */;
			compatibilityVersion = "Xcode 14.0";
			developmentRegion = en;
			hasScannedForEncodings = 0;
			knownRegions = (
				en,
				Base,
			);
			mainGroup = EFCE7E9B29ECA22E00D2BB59;
			productRefGroup = EFCE7EA529ECA22E00D2BB59 /* Products */;
			projectDirPath = "";
			projectRoot = "";
			targets = (
				EFCE7EA329ECA22E00D2BB59 /* Falk */,
				EFCE7EB729ECA22F00D2BB59 /* FalkTests */,
				EFCE7EC129ECA22F00D2BB59 /* FalkUITests */,
			);
		};
/* End PBXProject section */

/* Begin PBXResourcesBuildPhase section */
		EFCE7EA229ECA22E00D2BB59 /* Resources */ = {
			isa = PBXResourcesBuildPhase;
			buildActionMask = 2147483647;
			files = (
				EFCE7EAF29ECA22F00D2BB59 /* Assets.xcassets in Resources */,
				EFCE7EB229ECA22F00D2BB59 /* Main.storyboard in Resources */,
			);
			runOnlyForDeploymentPostprocessing = 0;
		};
		EFCE7EB629ECA22F00D2BB59 /* Resources */ = {
			isa = PBXResourcesBuildPhase;
			buildActionMask = 2147483647;
			files = (
			);
			runOnlyForDeploymentPostprocessing = 0;
		};
		EFCE7EC029ECA22F00D2BB59 /* Resources */ = {
			isa = PBXResourcesBuildPhase;
			buildActionMask = 2147483647;
			files = (
			);
			runOnlyForDeploymentPostprocessing = 0;
		};
/* End PBXResourcesBuildPhase section */

/* Begin PBXSourcesBuildPhase section */
		EFCE7EA029ECA22E00D2BB59 /* Sources */ = {
			isa = PBXSourcesBuildPhase;
			buildActionMask = 2147483647;
			files = (
				EFCE7EAD29ECA22E00D2BB59 /* Falk.xcdatamodeld in Sources */,
				EF45C9BB29EDBC6E00C7C6D2 /* WindowManager.swift in Sources */,
				EFBEBEC129ED378D0016AB24 /* ScreenManager.swift in Sources */,
				EFBEBEC329ED48EE0016AB24 /* ImageManager.swift in Sources */,
				EFCE7EAA29ECA22E00D2BB59 /* ViewController.swift in Sources */,
				EFA3C14D29ECBFC2005D18CC /* RectRoundingBox.swift in Sources */,
				EFCE7EA829ECA22E00D2BB59 /* AppDelegate.swift in Sources */,
				EF45C9B929EDACEF00C7C6D2 /* DialogView.swift in Sources */,
			);
			runOnlyForDeploymentPostprocessing = 0;
		};
		EFCE7EB429ECA22F00D2BB59 /* Sources */ = {
			isa = PBXSourcesBuildPhase;
			buildActionMask = 2147483647;
			files = (
				EFCE7EBD29ECA22F00D2BB59 /* FalkTests.swift in Sources */,
			);
			runOnlyForDeploymentPostprocessing = 0;
		};
		EFCE7EBE29ECA22F00D2BB59 /* Sources */ = {
			isa = PBXSourcesBuildPhase;
			buildActionMask = 2147483647;
			files = (
				EFCE7EC929ECA22F00D2BB59 /* FalkUITestsLaunchTests.swift in Sources */,
				EFCE7EC729ECA22F00D2BB59 /* FalkUITests.swift in Sources */,
			);
			runOnlyForDeploymentPostprocessing = 0;
		};
/* End PBXSourcesBuildPhase section */

/* Begin PBXTargetDependency section */
		EFCE7EBA29ECA22F00D2BB59 /* PBXTargetDependency */ = {
			isa = PBXTargetDependency;
			target = EFCE7EA329ECA22E00D2BB59 /* Falk */;
			targetProxy = EFCE7EB929ECA22F00D2BB59 /* PBXContainerItemProxy */;
		};
		EFCE7EC429ECA22F00D2BB59 /* PBXTargetDependency */ = {
			isa = PBXTargetDependency;
			target = EFCE7EA329ECA22E00D2BB59 /* Falk */;
			targetProxy = EFCE7EC329ECA22F00D2BB59 /* PBXContainerItemProxy */;
		};
/* End PBXTargetDependency section */

/* Begin PBXVariantGroup section */
		EFCE7EB029ECA22F00D2BB59 /* Main.storyboard */ = {
			isa = PBXVariantGroup;
			children = (
				EFCE7EB129ECA22F00D2BB59 /* Base */,
			);
			name = Main.storyboard;
			sourceTree = "<group>";
		};
/* End PBXVariantGroup section */

/* Begin XCBuildConfiguration section */
		EFCE7ECA29ECA22F00D2BB59 /* Debug */ = {
			isa = XCBuildConfiguration;
			buildSettings = {
				ALWAYS_SEARCH_USER_PATHS = NO;
				CLANG_ANALYZER_NONNULL = YES;
				CLANG_ANALYZER_NUMBER_OBJECT_CONVERSION = YES_AGGRESSIVE;
				CLANG_CXX_LANGUAGE_STANDARD = "gnu++20";
				CLANG_ENABLE_MODULES = YES;
				CLANG_ENABLE_OBJC_ARC = YES;
				CLANG_ENABLE_OBJC_WEAK = YES;
				CLANG_WARN_BLOCK_CAPTURE_AUTORELEASING = YES;
				CLANG_WARN_BOOL_CONVERSION = YES;
				CLANG_WARN_COMMA = YES;
				CLANG_WARN_CONSTANT_CONVERSION = YES;
				CLANG_WARN_DEPRECATED_OBJC_IMPLEMENTATIONS = YES;
				CLANG_WARN_DIRECT_OBJC_ISA_USAGE = YES_ERROR;
				CLANG_WARN_DOCUMENTATION_COMMENTS = YES;
				CLANG_WARN_EMPTY_BODY = YES;
				CLANG_WARN_ENUM_CONVERSION = YES;
				CLANG_WARN_INFINITE_RECURSION = YES;
				CLANG_WARN_INT_CONVERSION = YES;
				CLANG_WARN_NON_LITERAL_NULL_CONVERSION = YES;
				CLANG_WARN_OBJC_IMPLICIT_RETAIN_SELF = YES;
				CLANG_WARN_OBJC_LITERAL_CONVERSION = YES;
				CLANG_WARN_OBJC_ROOT_CLASS = YES_ERROR;
				CLANG_WARN_QUOTED_INCLUDE_IN_FRAMEWORK_HEADER = YES;
				CLANG_WARN_RANGE_LOOP_ANALYSIS = YES;
				CLANG_WARN_STRICT_PROTOTYPES = YES;
				CLANG_WARN_SUSPICIOUS_MOVE = YES;
				CLANG_WARN_UNGUARDED_AVAILABILITY = YES_AGGRESSIVE;
				CLANG_WARN_UNREACHABLE_CODE = YES;
				CLANG_WARN__DUPLICATE_METHOD_MATCH = YES;
				COPY_PHASE_STRIP = NO;
				DEBUG_INFORMATION_FORMAT = dwarf;
				ENABLE_STRICT_OBJC_MSGSEND = YES;
				ENABLE_TESTABILITY = YES;
				GCC_C_LANGUAGE_STANDARD = gnu11;
				GCC_DYNAMIC_NO_PIC = NO;
				GCC_NO_COMMON_BLOCKS = YES;
				GCC_OPTIMIZATION_LEVEL = 0;
				GCC_PREPROCESSOR_DEFINITIONS = (
					"DEBUG=1",
					"$(inherited)",
				);
				GCC_WARN_64_TO_32_BIT_CONVERSION = YES;
				GCC_WARN_ABOUT_RETURN_TYPE = YES_ERROR;
				GCC_WARN_UNDECLARED_SELECTOR = YES;
				GCC_WARN_UNINITIALIZED_AUTOS = YES_AGGRESSIVE;
				GCC_WARN_UNUSED_FUNCTION = YES;
				GCC_WARN_UNUSED_VARIABLE = YES;
				MACOSX_DEPLOYMENT_TARGET = 13.1;
				MTL_ENABLE_DEBUG_INFO = INCLUDE_SOURCE;
				MTL_FAST_MATH = YES;
				ONLY_ACTIVE_ARCH = YES;
				SDKROOT = macosx;
				SWIFT_ACTIVE_COMPILATION_CONDITIONS = DEBUG;
				SWIFT_OPTIMIZATION_LEVEL = "-Onone";
			};
			name = Debug;
		};
		EFCE7ECB29ECA22F00D2BB59 /* Release */ = {
			isa = XCBuildConfiguration;
			buildSettings = {
				ALWAYS_SEARCH_USER_PATHS = NO;
				CLANG_ANALYZER_NONNULL = YES;
				CLANG_ANALYZER_NUMBER_OBJECT_CONVERSION = YES_AGGRESSIVE;
				CLANG_CXX_LANGUAGE_STANDARD = "gnu++20";
				CLANG_ENABLE_MODULES = YES;
				CLANG_ENABLE_OBJC_ARC = YES;
				CLANG_ENABLE_OBJC_WEAK = YES;
				CLANG_WARN_BLOCK_CAPTURE_AUTORELEASING = YES;
				CLANG_WARN_BOOL_CONVERSION = YES;
				CLANG_WARN_COMMA = YES;
				CLANG_WARN_CONSTANT_CONVERSION = YES;
				CLANG_WARN_DEPRECATED_OBJC_IMPLEMENTATIONS = YES;
				CLANG_WARN_DIRECT_OBJC_ISA_USAGE = YES_ERROR;
				CLANG_WARN_DOCUMENTATION_COMMENTS = YES;
				CLANG_WARN_EMPTY_BODY = YES;
				CLANG_WARN_ENUM_CONVERSION = YES;
				CLANG_WARN_INFINITE_RECURSION = YES;
				CLANG_WARN_INT_CONVERSION = YES;
				CLANG_WARN_NON_LITERAL_NULL_CONVERSION = YES;
				CLANG_WARN_OBJC_IMPLICIT_RETAIN_SELF = YES;
				CLANG_WARN_OBJC_LITERAL_CONVERSION = YES;
				CLANG_WARN_OBJC_ROOT_CLASS = YES_ERROR;
				CLANG_WARN_QUOTED_INCLUDE_IN_FRAMEWORK_HEADER = YES;
				CLANG_WARN_RANGE_LOOP_ANALYSIS = YES;
				CLANG_WARN_STRICT_PROTOTYPES = YES;
				CLANG_WARN_SUSPICIOUS_MOVE = YES;
				CLANG_WARN_UNGUARDED_AVAILABILITY = YES_AGGRESSIVE;
				CLANG_WARN_UNREACHABLE_CODE = YES;
				CLANG_WARN__DUPLICATE_METHOD_MATCH = YES;
				COPY_PHASE_STRIP = NO;
				DEBUG_INFORMATION_FORMAT = "dwarf-with-dsym";
				ENABLE_NS_ASSERTIONS = NO;
				ENABLE_STRICT_OBJC_MSGSEND = YES;
				GCC_C_LANGUAGE_STANDARD = gnu11;
				GCC_NO_COMMON_BLOCKS = YES;
				GCC_WARN_64_TO_32_BIT_CONVERSION = YES;
				GCC_WARN_ABOUT_RETURN_TYPE = YES_ERROR;
				GCC_WARN_UNDECLARED_SELECTOR = YES;
				GCC_WARN_UNINITIALIZED_AUTOS = YES_AGGRESSIVE;
				GCC_WARN_UNUSED_FUNCTION = YES;
				GCC_WARN_UNUSED_VARIABLE = YES;
				MACOSX_DEPLOYMENT_TARGET = 13.1;
				MTL_ENABLE_DEBUG_INFO = NO;
				MTL_FAST_MATH = YES;
				SDKROOT = macosx;
				SWIFT_COMPILATION_MODE = wholemodule;
				SWIFT_OPTIMIZATION_LEVEL = "-O";
			};
			name = Release;
		};
		EFCE7ECD29ECA22F00D2BB59 /* Debug */ = {
			isa = XCBuildConfiguration;
			buildSettings = {
				ASSETCATALOG_COMPILER_APPICON_NAME = AppIcon;
				ASSETCATALOG_COMPILER_GLOBAL_ACCENT_COLOR_NAME = AccentColor;
				CODE_SIGN_ENTITLEMENTS = Falk/Falk.entitlements;
				"CODE_SIGN_IDENTITY[sdk=macosx*]" = "Apple Development";
				CODE_SIGN_STYLE = Automatic;
				COMBINE_HIDPI_IMAGES = YES;
				CURRENT_PROJECT_VERSION = 1;
				DEVELOPMENT_TEAM = KPGYDGPJU8;
				ENABLE_HARDENED_RUNTIME = YES;
				GENERATE_INFOPLIST_FILE = YES;
				INFOPLIST_KEY_LSApplicationCategoryType = "public.app-category.utilities";
				INFOPLIST_KEY_LSUIElement = YES;
				INFOPLIST_KEY_NSHumanReadableCopyright = "";
				INFOPLIST_KEY_NSMainStoryboardFile = Main;
				INFOPLIST_KEY_NSPrincipalClass = NSApplication;
				LD_RUNPATH_SEARCH_PATHS = (
					"$(inherited)",
					"@executable_path/../Frameworks",
				);
				MACOSX_DEPLOYMENT_TARGET = 12.0;
				MARKETING_VERSION = 1.0;
				PRODUCT_BUNDLE_IDENTIFIER = com.ephod.Falk;
				PRODUCT_NAME = "$(TARGET_NAME)";
				SWIFT_EMIT_LOC_STRINGS = YES;
				SWIFT_VERSION = 5.0;
			};
			name = Debug;
		};
		EFCE7ECE29ECA22F00D2BB59 /* Release */ = {
			isa = XCBuildConfiguration;
			buildSettings = {
				ASSETCATALOG_COMPILER_APPICON_NAME = AppIcon;
				ASSETCATALOG_COMPILER_GLOBAL_ACCENT_COLOR_NAME = AccentColor;
				CODE_SIGN_ENTITLEMENTS = Falk/Falk.entitlements;
				"CODE_SIGN_IDENTITY[sdk=macosx*]" = "Apple Development";
				CODE_SIGN_STYLE = Automatic;
				COMBINE_HIDPI_IMAGES = YES;
				CURRENT_PROJECT_VERSION = 1;
				DEVELOPMENT_TEAM = KPGYDGPJU8;
				ENABLE_HARDENED_RUNTIME = YES;
				GENERATE_INFOPLIST_FILE = YES;
				INFOPLIST_KEY_LSApplicationCategoryType = "public.app-category.utilities";
				INFOPLIST_KEY_LSUIElement = YES;
				INFOPLIST_KEY_NSHumanReadableCopyright = "";
				INFOPLIST_KEY_NSMainStoryboardFile = Main;
				INFOPLIST_KEY_NSPrincipalClass = NSApplication;
				LD_RUNPATH_SEARCH_PATHS = (
					"$(inherited)",
					"@executable_path/../Frameworks",
				);
				MACOSX_DEPLOYMENT_TARGET = 12.0;
				MARKETING_VERSION = 1.0;
				PRODUCT_BUNDLE_IDENTIFIER = com.ephod.Falk;
				PRODUCT_NAME = "$(TARGET_NAME)";
				SWIFT_EMIT_LOC_STRINGS = YES;
				SWIFT_VERSION = 5.0;
			};
			name = Release;
		};
		EFCE7ED029ECA22F00D2BB59 /* Debug */ = {
			isa = XCBuildConfiguration;
			buildSettings = {
				ALWAYS_EMBED_SWIFT_STANDARD_LIBRARIES = YES;
				BUNDLE_LOADER = "$(TEST_HOST)";
				CODE_SIGN_STYLE = Automatic;
				CURRENT_PROJECT_VERSION = 1;
				DEVELOPMENT_TEAM = KPGYDGPJU8;
				GENERATE_INFOPLIST_FILE = YES;
				MACOSX_DEPLOYMENT_TARGET = 10.15;
				MARKETING_VERSION = 1.0;
				PRODUCT_BUNDLE_IDENTIFIER = com.ephod.FalkTests;
				PRODUCT_NAME = "$(TARGET_NAME)";
				SWIFT_EMIT_LOC_STRINGS = NO;
				SWIFT_VERSION = 5.0;
				TEST_HOST = "$(BUILT_PRODUCTS_DIR)/Falk.app/$(BUNDLE_EXECUTABLE_FOLDER_PATH)/Falk";
			};
			name = Debug;
		};
		EFCE7ED129ECA22F00D2BB59 /* Release */ = {
			isa = XCBuildConfiguration;
			buildSettings = {
				ALWAYS_EMBED_SWIFT_STANDARD_LIBRARIES = YES;
				BUNDLE_LOADER = "$(TEST_HOST)";
				CODE_SIGN_STYLE = Automatic;
				CURRENT_PROJECT_VERSION = 1;
				DEVELOPMENT_TEAM = KPGYDGPJU8;
				GENERATE_INFOPLIST_FILE = YES;
				MACOSX_DEPLOYMENT_TARGET = 10.15;
				MARKETING_VERSION = 1.0;
				PRODUCT_BUNDLE_IDENTIFIER = com.ephod.FalkTests;
				PRODUCT_NAME = "$(TARGET_NAME)";
				SWIFT_EMIT_LOC_STRINGS = NO;
				SWIFT_VERSION = 5.0;
				TEST_HOST = "$(BUILT_PRODUCTS_DIR)/Falk.app/$(BUNDLE_EXECUTABLE_FOLDER_PATH)/Falk";
			};
			name = Release;
		};
		EFCE7ED329ECA22F00D2BB59 /* Debug */ = {
			isa = XCBuildConfiguration;
			buildSettings = {
				ALWAYS_EMBED_SWIFT_STANDARD_LIBRARIES = YES;
				CODE_SIGN_STYLE = Automatic;
				CURRENT_PROJECT_VERSION = 1;
				DEVELOPMENT_TEAM = KPGYDGPJU8;
				GENERATE_INFOPLIST_FILE = YES;
				MARKETING_VERSION = 1.0;
				PRODUCT_BUNDLE_IDENTIFIER = com.ephod.FalkUITests;
				PRODUCT_NAME = "$(TARGET_NAME)";
				SWIFT_EMIT_LOC_STRINGS = NO;
				SWIFT_VERSION = 5.0;
				TEST_TARGET_NAME = Falk;
			};
			name = Debug;
		};
		EFCE7ED429ECA22F00D2BB59 /* Release */ = {
			isa = XCBuildConfiguration;
			buildSettings = {
				ALWAYS_EMBED_SWIFT_STANDARD_LIBRARIES = YES;
				CODE_SIGN_STYLE = Automatic;
				CURRENT_PROJECT_VERSION = 1;
				DEVELOPMENT_TEAM = KPGYDGPJU8;
				GENERATE_INFOPLIST_FILE = YES;
				MARKETING_VERSION = 1.0;
				PRODUCT_BUNDLE_IDENTIFIER = com.ephod.FalkUITests;
				PRODUCT_NAME = "$(TARGET_NAME)";
				SWIFT_EMIT_LOC_STRINGS = NO;
				SWIFT_VERSION = 5.0;
				TEST_TARGET_NAME = Falk;
			};
			name = Release;
		};
/* End XCBuildConfiguration section */

/* Begin XCConfigurationList section */
		EFCE7E9F29ECA22E00D2BB59 /* Build configuration list for PBXProject "Falk" */ = {
			isa = XCConfigurationList;
			buildConfigurations = (
				EFCE7ECA29ECA22F00D2BB59 /* Debug */,
				EFCE7ECB29ECA22F00D2BB59 /* Release */,
			);
			defaultConfigurationIsVisible = 0;
			defaultConfigurationName = Release;
		};
		EFCE7ECC29ECA22F00D2BB59 /* Build configuration list for PBXNativeTarget "Falk" */ = {
			isa = XCConfigurationList;
			buildConfigurations = (
				EFCE7ECD29ECA22F00D2BB59 /* Debug */,
				EFCE7ECE29ECA22F00D2BB59 /* Release */,
			);
			defaultConfigurationIsVisible = 0;
			defaultConfigurationName = Release;
		};
		EFCE7ECF29ECA22F00D2BB59 /* Build configuration list for PBXNativeTarget "FalkTests" */ = {
			isa = XCConfigurationList;
			buildConfigurations = (
				EFCE7ED029ECA22F00D2BB59 /* Debug */,
				EFCE7ED129ECA22F00D2BB59 /* Release */,
			);
			defaultConfigurationIsVisible = 0;
			defaultConfigurationName = Release;
		};
		EFCE7ED229ECA22F00D2BB59 /* Build configuration list for PBXNativeTarget "FalkUITests" */ = {
			isa = XCConfigurationList;
			buildConfigurations = (
				EFCE7ED329ECA22F00D2BB59 /* Debug */,
				EFCE7ED429ECA22F00D2BB59 /* Release */,
			);
			defaultConfigurationIsVisible = 0;
			defaultConfigurationName = Release;
		};
/* End XCConfigurationList section */

/* Begin XCVersionGroup section */
		EFCE7EAB29ECA22E00D2BB59 /* Falk.xcdatamodeld */ = {
			isa = XCVersionGroup;
			children = (
				EFCE7EAC29ECA22E00D2BB59 /* Falk.xcdatamodel */,
			);
			currentVersion = EFCE7EAC29ECA22E00D2BB59 /* Falk.xcdatamodel */;
			path = Falk.xcdatamodeld;
			sourceTree = "<group>";
			versionGroupType = wrapper.xcdatamodel;
		};
/* End XCVersionGroup section */
	};
	rootObject = EFCE7E9C29ECA22E00D2BB59 /* Project object */;
}
